PODS:
  - Bolts (1.9.0):
    - Bolts/AppLinks (= 1.9.0)
    - Bolts/Tasks (= 1.9.0)
  - Bolts/AppLinks (1.9.0):
    - Bolts/Tasks
  - Bolts/Tasks (1.9.0)
  - FBSDKCoreKit (4.38.1):
    - Bolts (~> 1.9)
  - FBSDKLoginKit (4.38.1):
    - FBSDKCoreKit
  - FBSDKShareKit (4.38.1):
    - FBSDKCoreKit
  - InstagramLogin (1.3.0)
  - TwitterCore (3.2.0)
  - TwitterKit (3.4.2):
    - TwitterCore (>= 3.2.0)

DEPENDENCIES:
  - FBSDKCoreKit (~> 4.38.1)
  - FBSDKLoginKit (~> 4.38.1)
  - FBSDKShareKit (~> 4.38.1)
  - InstagramLogin (~> 1.3)
  - TwitterKit (~> 3.4)

SPEC REPOS:
  https://github.com/cocoapods/specs.git:
    - Bolts
    - FBSDKCoreKit
    - FBSDKLoginKit
    - FBSDKShareKit
    - InstagramLogin
    - TwitterCore
    - TwitterKit

SPEC CHECKSUMS:
  Bolts: ac6567323eac61e203f6a9763667d0f711be34c8
  FBSDKCoreKit: 8d47857400e2f5bdea697a80daff882e91c84ef6
  FBSDKLoginKit: 4621c690d9dd8628031a4791497062183ea34b0d
  FBSDKShareKit: 6ffe22f0a0618eb7424d4104ab0ef3ce9643d42a
  InstagramLogin: 55a3ab7aa6ee3f75bf06fdec1bb8f1e01e2c0b00
  TwitterCore: 8cbc9ad34d91c63a0035ea05bfbfc0d7ca72a28c
  TwitterKit: 5e4f41d70b9abdb41df5467f52d7aa2c0fd26ebb

PODFILE CHECKSUM: f42d1df767cd641c8b40723482da482ac7e83c49

COCOAPODS: 1.5.3
